
Microsoft Visual Studio Solution File, Format Version 12.00
# Visual Studio Version 17
VisualStudioVersion = 17.5.33530.505
MinimumVisualStudioVersion = 10.0.40219.1
Project("{FAE04EC0-301F-11D3-BF4B-00C04F79EFBC}") = "AspNetCoreAlpine", "AspNetCoreAlpine\AspNetCoreAlpine.csproj", "{81ED3BC7-EBB7-4B3F-8CE2-D226857E0DB1}"
EndProject
Global
	GlobalSection(SolutionConfigurationPlatforms) = preSolution
		Debug|Any CPU = Debug|Any CPU
		Release|Any CPU = Release|Any CPU
	EndGlobalSection
	GlobalSection(ProjectConfigurationPlatforms) = postSolution
		{81ED3BC7-EBB7-4B3F-8CE2-D226857E0DB1}.Debug|Any CPU.ActiveCfg = Debug|Any CPU
		{81ED3BC7-EBB7-4B3F-8CE2-D226857E0DB1}.Debug|Any CPU.Build.0 = Debug|Any CPU
		{81ED3BC7-EBB7-4B3F-8CE2-D226857E0DB1}.Release|Any CPU.ActiveCfg = Release|Any CPU
		{81ED3BC7-EBB7-4B3F-8CE2-D226857E0DB1}.Release|Any CPU.Build.0 = Release|Any CPU
	EndGlobalSection
	GlobalSection(SolutionProperties) = preSolution
		HideSolutionNode = FALSE
	EndGlobalSection
	GlobalSection(ExtensibilityGlobals) = postSolution
		SolutionGuid = {EE83CB89-1657-4E5D-BBD1-FD0167B33179}
	EndGlobalSection
EndGlobal
